
Microsoft Visual Studio Solution File, Format Version 12.00
# Visual Studio 15
VisualStudioVersion = 15.0.28010.2046
MinimumVisualStudioVersion = 10.0.40219.1
Project("{FAE04EC0-301F-11D3-BF4B-00C04F79EFBC}") = "PlusMinus", "PlusMinus\PlusMinus.csproj", "{ABBACCC8-90C4-49C5-B9AC-74C72679F01E}"
EndProject
Global
	GlobalSection(SolutionConfigurationPlatforms) = preSolution
		Debug|Any CPU = Debug|Any CPU
		Release|Any CPU = Release|Any CPU
	EndGlobalSection
	GlobalSection(ProjectConfigurationPlatforms) = postSolution
		{ABBACCC8-90C4-49C5-B9AC-74C72679F01E}.Debug|Any CPU.ActiveCfg = Debug|Any CPU
		{ABBACCC8-90C4-49C5-B9AC-74C72679F01E}.Debug|Any CPU.Build.0 = Debug|Any CPU
		{ABBACCC8-90C4-49C5-B9AC-74C72679F01E}.Release|Any CPU.ActiveCfg = Release|Any CPU
		{ABBACCC8-90C4-49C5-B9AC-74C72679F01E}.Release|Any CPU.Build.0 = Release|Any CPU
	EndGlobalSection
	GlobalSection(SolutionProperties) = preSolution
		HideSolutionNode = FALSE
	EndGlobalSection
	GlobalSection(ExtensibilityGlobals) = postSolution
		SolutionGuid = {C3FB68C7-0885-4B8E-98D3-BF0BD7981BCB}
	EndGlobalSection
EndGlobal
